
Microsoft Visual Studio Solution File, Format Version 12.00
# Visual Studio Version 16
VisualStudioVersion = 16.0.29609.76
MinimumVisualStudioVersion = 10.0.40219.1
Project("{9A19103F-16F7-4668-BE54-9A1E7A4F7556}") = "CustomerRegistrationAPI", "..\CustomerRegistrationAPI\CustomerRegistrationPI.csproj", "{C2FAFD9E-B8E9-45F3-878E-D3907BBD6A83}"
EndProject
Project("{9A19103F-16F7-4668-BE54-9A1E7A4F7556}") = "CustomerRegistrationModel", "..\CustomerRegistrationModel\WCSKFIModel.csproj", "{6BE57EAF-10A5-4269-94D4-672E1D7F0A80}"
EndProject
Project("{9A19103F-16F7-4668-BE54-9A1E7A4F7556}") = "CustomerRegistrationADO", "..\CustomerRegistrationADO\WCSKFIADO.csproj", "{AA1869D7-3B89-49D9-A291-1EBCE5AE566E}"
EndProject
Project("{FAE04EC0-301F-11D3-BF4B-00C04F79EFBC}") = "KKFCoreEngine", "..\KKFCoreEngine\KKFCoreEngine.csproj", "{D507C61E-7662-4E2D-B544-CF666209CA7C}"
EndProject
Project("{FAE04EC0-301F-11D3-BF4B-00C04F79EFBC}") = "PDK2DBase", "..\CustomerRegistrationDBase\CustomerRegistrationDBase.csproj", "{9A442D96-0478-49A4-916E-13415DE5B2D7}"
EndProject
Project("{9A19103F-16F7-4668-BE54-9A1E7A4F7556}") = "PDSTDEngine", "..\PDSTDEngine\PDSTDEngine.csproj", "{7D880D48-223B-4B64-8425-CF304F4F2478}"
EndProject
Global
	GlobalSection(SolutionConfigurationPlatforms) = preSolution
		Debug|Any CPU = Debug|Any CPU
		Debug|x64 = Debug|x64
		Debug|x86 = Debug|x86
		Release|Any CPU = Release|Any CPU
		Release|x64 = Release|x64
		Release|x86 = Release|x86
	EndGlobalSection
	GlobalSection(ProjectConfigurationPlatforms) = postSolution
		{C2FAFD9E-B8E9-45F3-878E-D3907BBD6A83}.Debug|Any CPU.ActiveCfg = Debug|Any CPU
		{C2FAFD9E-B8E9-45F3-878E-D3907BBD6A83}.Debug|Any CPU.Build.0 = Debug|Any CPU
		{C2FAFD9E-B8E9-45F3-878E-D3907BBD6A83}.Debug|x64.ActiveCfg = Debug|Any CPU
		{C2FAFD9E-B8E9-45F3-878E-D3907BBD6A83}.Debug|x64.Build.0 = Debug|Any CPU
		{C2FAFD9E-B8E9-45F3-878E-D3907BBD6A83}.Debug|x86.ActiveCfg = Debug|Any CPU
		{C2FAFD9E-B8E9-45F3-878E-D3907BBD6A83}.Debug|x86.Build.0 = Debug|Any CPU
		{C2FAFD9E-B8E9-45F3-878E-D3907BBD6A83}.Release|Any CPU.ActiveCfg = Release|Any CPU
		{C2FAFD9E-B8E9-45F3-878E-D3907BBD6A83}.Release|Any CPU.Build.0 = Release|Any CPU
		{C2FAFD9E-B8E9-45F3-878E-D3907BBD6A83}.Release|x64.ActiveCfg = Release|Any CPU
		{C2FAFD9E-B8E9-45F3-878E-D3907BBD6A83}.Release|x64.Build.0 = Release|Any CPU
		{C2FAFD9E-B8E9-45F3-878E-D3907BBD6A83}.Release|x86.ActiveCfg = Release|Any CPU
		{C2FAFD9E-B8E9-45F3-878E-D3907BBD6A83}.Release|x86.Build.0 = Release|Any CPU
		{6BE57EAF-10A5-4269-94D4-672E1D7F0A80}.Debug|Any CPU.ActiveCfg = Debug|Any CPU
		{6BE57EAF-10A5-4269-94D4-672E1D7F0A80}.Debug|Any CPU.Build.0 = Debug|Any CPU
		{6BE57EAF-10A5-4269-94D4-672E1D7F0A80}.Debug|x64.ActiveCfg = Debug|Any CPU
		{6BE57EAF-10A5-4269-94D4-672E1D7F0A80}.Debug|x64.Build.0 = Debug|Any CPU
		{6BE57EAF-10A5-4269-94D4-672E1D7F0A80}.Debug|x86.ActiveCfg = Debug|Any CPU
		{6BE57EAF-10A5-4269-94D4-672E1D7F0A80}.Debug|x86.Build.0 = Debug|Any CPU
		{6BE57EAF-10A5-4269-94D4-672E1D7F0A80}.Release|Any CPU.ActiveCfg = Release|Any CPU
		{6BE57EAF-10A5-4269-94D4-672E1D7F0A80}.Release|Any CPU.Build.0 = Release|Any CPU
		{6BE57EAF-10A5-4269-94D4-672E1D7F0A80}.Release|x64.ActiveCfg = Release|Any CPU
		{6BE57EAF-10A5-4269-94D4-672E1D7F0A80}.Release|x64.Build.0 = Release|Any CPU
		{6BE57EAF-10A5-4269-94D4-672E1D7F0A80}.Release|x86.ActiveCfg = Release|Any CPU
		{6BE57EAF-10A5-4269-94D4-672E1D7F0A80}.Release|x86.Build.0 = Release|Any CPU
		{AA1869D7-3B89-49D9-A291-1EBCE5AE566E}.Debug|Any CPU.ActiveCfg = Debug|Any CPU
		{AA1869D7-3B89-49D9-A291-1EBCE5AE566E}.Debug|Any CPU.Build.0 = Debug|Any CPU
		{AA1869D7-3B89-49D9-A291-1EBCE5AE566E}.Debug|x64.ActiveCfg = Debug|Any CPU
		{AA1869D7-3B89-49D9-A291-1EBCE5AE566E}.Debug|x64.Build.0 = Debug|Any CPU
		{AA1869D7-3B89-49D9-A291-1EBCE5AE566E}.Debug|x86.ActiveCfg = Debug|Any CPU
		{AA1869D7-3B89-49D9-A291-1EBCE5AE566E}.Debug|x86.Build.0 = Debug|Any CPU
		{AA1869D7-3B89-49D9-A291-1EBCE5AE566E}.Release|Any CPU.ActiveCfg = Release|Any CPU
		{AA1869D7-3B89-49D9-A291-1EBCE5AE566E}.Release|Any CPU.Build.0 = Release|Any CPU
		{AA1869D7-3B89-49D9-A291-1EBCE5AE566E}.Release|x64.ActiveCfg = Release|Any CPU
		{AA1869D7-3B89-49D9-A291-1EBCE5AE566E}.Release|x64.Build.0 = Release|Any CPU
		{AA1869D7-3B89-49D9-A291-1EBCE5AE566E}.Release|x86.ActiveCfg = Release|Any CPU
		{AA1869D7-3B89-49D9-A291-1EBCE5AE566E}.Release|x86.Build.0 = Release|Any CPU
		{D507C61E-7662-4E2D-B544-CF666209CA7C}.Debug|Any CPU.ActiveCfg = Debug|x86
		{D507C61E-7662-4E2D-B544-CF666209CA7C}.Debug|Any CPU.Build.0 = Debug|x86
		{D507C61E-7662-4E2D-B544-CF666209CA7C}.Debug|x64.ActiveCfg = Debug|Any CPU
		{D507C61E-7662-4E2D-B544-CF666209CA7C}.Debug|x64.Build.0 = Debug|Any CPU
		{D507C61E-7662-4E2D-B544-CF666209CA7C}.Debug|x86.ActiveCfg = Debug|x86
		{D507C61E-7662-4E2D-B544-CF666209CA7C}.Debug|x86.Build.0 = Debug|x86
		{D507C61E-7662-4E2D-B544-CF666209CA7C}.Release|Any CPU.ActiveCfg = Release|Any CPU
		{D507C61E-7662-4E2D-B544-CF666209CA7C}.Release|Any CPU.Build.0 = Release|Any CPU
		{D507C61E-7662-4E2D-B544-CF666209CA7C}.Release|x64.ActiveCfg = Release|Any CPU
		{D507C61E-7662-4E2D-B544-CF666209CA7C}.Release|x64.Build.0 = Release|Any CPU
		{D507C61E-7662-4E2D-B544-CF666209CA7C}.Release|x86.ActiveCfg = Release|x86
		{D507C61E-7662-4E2D-B544-CF666209CA7C}.Release|x86.Build.0 = Release|x86
		{9A442D96-0478-49A4-916E-13415DE5B2D7}.Debug|Any CPU.ActiveCfg = Debug|Any CPU
		{9A442D96-0478-49A4-916E-13415DE5B2D7}.Debug|Any CPU.Build.0 = Debug|Any CPU
		{9A442D96-0478-49A4-916E-13415DE5B2D7}.Debug|x64.ActiveCfg = Debug|Any CPU
		{9A442D96-0478-49A4-916E-13415DE5B2D7}.Debug|x64.Build.0 = Debug|Any CPU
		{9A442D96-0478-49A4-916E-13415DE5B2D7}.Debug|x86.ActiveCfg = Debug|Any CPU
		{9A442D96-0478-49A4-916E-13415DE5B2D7}.Debug|x86.Build.0 = Debug|Any CPU
		{9A442D96-0478-49A4-916E-13415DE5B2D7}.Release|Any CPU.ActiveCfg = Release|Any CPU
		{9A442D96-0478-49A4-916E-13415DE5B2D7}.Release|Any CPU.Build.0 = Release|Any CPU
		{9A442D96-0478-49A4-916E-13415DE5B2D7}.Release|x64.ActiveCfg = Release|Any CPU
		{9A442D96-0478-49A4-916E-13415DE5B2D7}.Release|x64.Build.0 = Release|Any CPU
		{9A442D96-0478-49A4-916E-13415DE5B2D7}.Release|x86.ActiveCfg = Release|Any CPU
		{9A442D96-0478-49A4-916E-13415DE5B2D7}.Release|x86.Build.0 = Release|Any CPU
		{7D880D48-223B-4B64-8425-CF304F4F2478}.Debug|Any CPU.ActiveCfg = Debug|Any CPU
		{7D880D48-223B-4B64-8425-CF304F4F2478}.Debug|Any CPU.Build.0 = Debug|Any CPU
		{7D880D48-223B-4B64-8425-CF304F4F2478}.Debug|x64.ActiveCfg = Debug|Any CPU
		{7D880D48-223B-4B64-8425-CF304F4F2478}.Debug|x64.Build.0 = Debug|Any CPU
		{7D880D48-223B-4B64-8425-CF304F4F2478}.Debug|x86.ActiveCfg = Debug|Any CPU
		{7D880D48-223B-4B64-8425-CF304F4F2478}.Debug|x86.Build.0 = Debug|Any CPU
		{7D880D48-223B-4B64-8425-CF304F4F2478}.Release|Any CPU.ActiveCfg = Release|Any CPU
		{7D880D48-223B-4B64-8425-CF304F4F2478}.Release|Any CPU.Build.0 = Release|Any CPU
		{7D880D48-223B-4B64-8425-CF304F4F2478}.Release|x64.ActiveCfg = Release|Any CPU
		{7D880D48-223B-4B64-8425-CF304F4F2478}.Release|x64.Build.0 = Release|Any CPU
		{7D880D48-223B-4B64-8425-CF304F4F2478}.Release|x86.ActiveCfg = Release|Any CPU
		{7D880D48-223B-4B64-8425-CF304F4F2478}.Release|x86.Build.0 = Release|Any CPU
	EndGlobalSection
	GlobalSection(SolutionProperties) = preSolution
		HideSolutionNode = FALSE
	EndGlobalSection
	GlobalSection(ExtensibilityGlobals) = postSolution
		SolutionGuid = {0AFC7764-993D-4113-AFE9-0CED804C81BA}
	EndGlobalSection
EndGlobal
